// !$*UTF8*$!
{
	archiveVersion = 1;
	classes = {
	};
	objectVersion = 46;
	objects = {

/* Begin PBXBuildFile section */
		07CFECD51B79E29200B10153 /* AppDelegate.swift in Sources */ = {isa = PBXBuildFile; fileRef = 07CFECD41B79E29200B10153 /* AppDelegate.swift */; };
		07CFECD71B79E29200B10153 /* ViewController.swift in Sources */ = {isa = PBXBuildFile; fileRef = 07CFECD61B79E29200B10153 /* ViewController.swift */; };
		07CFECD91B79E29200B10153 /* Assets.xcassets in Resources */ = {isa = PBXBuildFile; fileRef = 07CFECD81B79E29200B10153 /* Assets.xcassets */; };
		07CFECDC1B79E29200B10153 /* Main.storyboard in Resources */ = {isa = PBXBuildFile; fileRef = 07CFECDA1B79E29200B10153 /* Main.storyboard */; };
		07CFECE41B79E30800B10153 /* GraphViewController.swift in Sources */ = {isa = PBXBuildFile; fileRef = 07CFECE31B79E30800B10153 /* GraphViewController.swift */; };
/* End PBXBuildFile section */

/* Begin PBXFileReference section */
		07CFECD11B79E29200B10153 /* GraphTests.app */ = {isa = PBXFileReference; explicitFileType = wrapper.application; includeInIndex = 0; path = GraphTests.app; sourceTree = BUILT_PRODUCTS_DIR; };
		07CFECD41B79E29200B10153 /* AppDelegate.swift */ = {isa = PBXFileReference; lastKnownFileType = sourcecode.swift; path = AppDelegate.swift; sourceTree = "<group>"; };
		07CFECD61B79E29200B10153 /* ViewController.swift */ = {isa = PBXFileReference; lastKnownFileType = sourcecode.swift; path = ViewController.swift; sourceTree = "<group>"; };
		07CFECD81B79E29200B10153 /* Assets.xcassets */ = {isa = PBXFileReference; lastKnownFileType = folder.assetcatalog; path = Assets.xcassets; sourceTree = "<group>"; };
		07CFECDB1B79E29200B10153 /* Base */ = {isa = PBXFileReference; lastKnownFileType = file.storyboard; name = Base; path = Base.lproj/Main.storyboard; sourceTree = "<group>"; };
		07CFECDD1B79E29200B10153 /* Info.plist */ = {isa = PBXFileReference; lastKnownFileType = text.plist.xml; path = Info.plist; sourceTree = "<group>"; };
		07CFECE31B79E30800B10153 /* GraphViewController.swift */ = {isa = PBXFileReference; fileEncoding = 4; lastKnownFileType = sourcecode.swift; path = GraphViewController.swift; sourceTree = "<group>"; };
/* End PBXFileReference section */

/* Begin PBXFrameworksBuildPhase section */
		07CFECCE1B79E29200B10153 /* Frameworks */ = {
			isa = PBXFrameworksBuildPhase;
			buildActionMask = 2147483647;
			files = (
			);
			runOnlyForDeploymentPostprocessing = 0;
		};
/* End PBXFrameworksBuildPhase section */

/* Begin PBXGroup section */
		07CFECC81B79E29200B10153 = {
			isa = PBXGroup;
			children = (
				07CFECD31B79E29200B10153 /* GraphTests */,
				07CFECD21B79E29200B10153 /* Products */,
			);
			sourceTree = "<group>";
		};
		07CFECD21B79E29200B10153 /* Products */ = {
			isa = PBXGroup;
			children = (
				07CFECD11B79E29200B10153 /* GraphTests.app */,
			);
			name = Products;
			sourceTree = "<group>";
		};
		07CFECD31B79E29200B10153 /* GraphTests */ = {
			isa = PBXGroup;
			children = (
				07CFECD41B79E29200B10153 /* AppDelegate.swift */,
				07CFECD61B79E29200B10153 /* ViewController.swift */,
				07CFECD81B79E29200B10153 /* Assets.xcassets */,
				07CFECDA1B79E29200B10153 /* Main.storyboard */,
				07CFECE31B79E30800B10153 /* GraphViewController.swift */,
				07CFECDD1B79E29200B10153 /* Info.plist */,
			);
			path = GraphTests;
			sourceTree = "<group>";
		};
/* End PBXGroup section */

/* Begin PBXNativeTarget section */
		07CFECD01B79E29200B10153 /* GraphTests */ = {
			isa = PBXNativeTarget;
			buildConfigurationList = 07CFECE01B79E29200B10153 /* Build configuration list for PBXNativeTarget "GraphTests" */;
			buildPhases = (
				07CFECCD1B79E29200B10153 /* Sources */,
				07CFECCE1B79E29200B10153 /* Frameworks */,
				07CFECCF1B79E29200B10153 /* Resources */,
			);
			buildRules = (
			);
			dependencies = (
			);
			name = GraphTests;
			productName = GraphTests;
			productReference = 07CFECD11B79E29200B10153 /* GraphTests.app */;
			productType = "com.apple.product-type.application";
		};
/* End PBXNativeTarget section */

/* Begin PBXProject section */
		07CFECC91B79E29200B10153 /* Project object */ = {
			isa = PBXProject;
			attributes = {
				LastUpgradeCheck = 0700;
				ORGANIZATIONNAME = h;
				TargetAttributes = {
					07CFECD01B79E29200B10153 = {
						CreatedOnToolsVersion = 7.0;
					};
				};
			};
			buildConfigurationList = 07CFECCC1B79E29200B10153 /* Build configuration list for PBXProject "GraphTests" */;
			compatibilityVersion = "Xcode 3.2";
			developmentRegion = English;
			hasScannedForEncodings = 0;
			knownRegions = (
				en,
				Base,
			);
			mainGroup = 07CFECC81B79E29200B10153;
			productRefGroup = 07CFECD21B79E29200B10153 /* Products */;
			projectDirPath = "";
			projectRoot = "";
			targets = (
				07CFECD01B79E29200B10153 /* GraphTests */,
			);
		};
/* End PBXProject section */

/* Begin PBXResourcesBuildPhase section */
		07CFECCF1B79E29200B10153 /* Resources */ = {
			isa = PBXResourcesBuildPhase;
			buildActionMask = 2147483647;
			files = (
				07CFECD91B79E29200B10153 /* Assets.xcassets in Resources */,
				07CFECDC1B79E29200B10153 /* Main.storyboard in Resources */,
			);
			runOnlyForDeploymentPostprocessing = 0;
		};
/* End PBXResourcesBuildPhase section */

/* Begin PBXSourcesBuildPhase section */
		07CFECCD1B79E29200B10153 /* Sources */ = {
			isa = PBXSourcesBuildPhase;
			buildActionMask = 2147483647;
			files = (
				07CFECE41B79E30800B10153 /* GraphViewController.swift in Sources */,
				07CFECD71B79E29200B10153 /* ViewController.swift in Sources */,
				07CFECD51B79E29200B10153 /* AppDelegate.swift in Sources */,
			);
			runOnlyForDeploymentPostprocessing = 0;
		};
/* End PBXSourcesBuildPhase section */

/* Begin PBXVariantGroup section */
		07CFECDA1B79E29200B10153 /* Main.storyboard */ = {
			isa = PBXVariantGroup;
			children = (
				07CFECDB1B79E29200B10153 /* Base */,
			);
			name = Main.storyboard;
			sourceTree = "<group>";
		};
/* End PBXVariantGroup section */

/* Begin XCBuildConfiguration section */
		07CFECDE1B79E29200B10153 /* Debug */ = {
			isa = XCBuildConfiguration;
			buildSettings = {
				ALWAYS_SEARCH_USER_PATHS = NO;
				CLANG_CXX_LANGUAGE_STANDARD = "gnu++0x";
				CLANG_CXX_LIBRARY = "libc++";
				CLANG_ENABLE_MODULES = YES;
				CLANG_ENABLE_OBJC_ARC = YES;
				CLANG_WARN_BOOL_CONVERSION = YES;
				CLANG_WARN_CONSTANT_CONVERSION = YES;
				CLANG_WARN_DIRECT_OBJC_ISA_USAGE = YES_ERROR;
				CLANG_WARN_EMPTY_BODY = YES;
				CLANG_WARN_ENUM_CONVERSION = YES;
				CLANG_WARN_INT_CONVERSION = YES;
				CLANG_WARN_OBJC_ROOT_CLASS = YES_ERROR;
				CLANG_WARN_UNREACHABLE_CODE = YES;
				CLANG_WARN__DUPLICATE_METHOD_MATCH = YES;
				CODE_SIGN_IDENTITY = "-";
				COPY_PHASE_STRIP = NO;
				DEBUG_INFORMATION_FORMAT = dwarf;
				ENABLE_STRICT_OBJC_MSGSEND = YES;
				ENABLE_TESTABILITY = YES;
				GCC_C_LANGUAGE_STANDARD = gnu99;
				GCC_DYNAMIC_NO_PIC = NO;
				GCC_NO_COMMON_BLOCKS = YES;
				GCC_OPTIMIZATION_LEVEL = 0;
				GCC_PREPROCESSOR_DEFINITIONS = (
					"DEBUG=1",
					"$(inherited)",
				);
				GCC_WARN_64_TO_32_BIT_CONVERSION = YES;
				GCC_WARN_ABOUT_RETURN_TYPE = YES_ERROR;
				GCC_WARN_UNDECLARED_SELECTOR = YES;
				GCC_WARN_UNINITIALIZED_AUTOS = YES_AGGRESSIVE;
				GCC_WARN_UNUSED_FUNCTION = YES;
				GCC_WARN_UNUSED_VARIABLE = YES;
				MACOSX_DEPLOYMENT_TARGET = 10.11;
				MTL_ENABLE_DEBUG_INFO = YES;
				ONLY_ACTIVE_ARCH = YES;
				SDKROOT = macosx;
				SWIFT_OPTIMIZATION_LEVEL = "-Onone";
			};
			name = Debug;
		};
		07CFECDF1B79E29200B10153 /* Release */ = {
			isa = XCBuildConfiguration;
			buildSettings = {
				ALWAYS_SEARCH_USER_PATHS = NO;
				CLANG_CXX_LANGUAGE_STANDARD = "gnu++0x";
				CLANG_CXX_LIBRARY = "libc++";
				CLANG_ENABLE_MODULES = YES;
				CLANG_ENABLE_OBJC_ARC = YES;
				CLANG_WARN_BOOL_CONVERSION = YES;
				CLANG_WARN_CONSTANT_CONVERSION = YES;
				CLANG_WARN_DIRECT_OBJC_ISA_USAGE = YES_ERROR;
				CLANG_WARN_EMPTY_BODY = YES;
				CLANG_WARN_ENUM_CONVERSION = YES;
				CLANG_WARN_INT_CONVERSION = YES;
				CLANG_WARN_OBJC_ROOT_CLASS = YES_ERROR;
				CLANG_WARN_UNREACHABLE_CODE = YES;
				CLANG_WARN__DUPLICATE_METHOD_MATCH = YES;
				CODE_SIGN_IDENTITY = "-";
				COPY_PHASE_STRIP = NO;
				DEBUG_INFORMATION_FORMAT = "dwarf-with-dsym";
				ENABLE_NS_ASSERTIONS = NO;
				ENABLE_STRICT_OBJC_MSGSEND = YES;
				GCC_C_LANGUAGE_STANDARD = gnu99;
				GCC_NO_COMMON_BLOCKS = YES;
				GCC_WARN_64_TO_32_BIT_CONVERSION = YES;
				GCC_WARN_ABOUT_RETURN_TYPE = YES_ERROR;
				GCC_WARN_UNDECLARED_SELECTOR = YES;
				GCC_WARN_UNINITIALIZED_AUTOS = YES_AGGRESSIVE;
				GCC_WARN_UNUSED_FUNCTION = YES;
				GCC_WARN_UNUSED_VARIABLE = YES;
				MACOSX_DEPLOYMENT_TARGET = 10.11;
				MTL_ENABLE_DEBUG_INFO = NO;
				SDKROOT = macosx;
			};
			name = Release;
		};
		07CFECE11B79E29200B10153 /* Debug */ = {
			isa = XCBuildConfiguration;
			buildSettings = {
				ASSETCATALOG_COMPILER_APPICON_NAME = AppIcon;
				COMBINE_HIDPI_IMAGES = YES;
				INFOPLIST_FILE = GraphTests/Info.plist;
				LD_RUNPATH_SEARCH_PATHS = "$(inherited) @executable_path/../Frameworks";
				PRODUCT_BUNDLE_IDENTIFIER = Push.GraphTests;
				PRODUCT_NAME = "$(TARGET_NAME)";
			};
			name = Debug;
		};
		07CFECE21B79E29200B10153 /* Release */ = {
			isa = XCBuildConfiguration;
			buildSettings = {
				ASSETCATALOG_COMPILER_APPICON_NAME = AppIcon;
				COMBINE_HIDPI_IMAGES = YES;
				INFOPLIST_FILE = GraphTests/Info.plist;
				LD_RUNPATH_SEARCH_PATHS = "$(inherited) @executable_path/../Frameworks";
				PRODUCT_BUNDLE_IDENTIFIER = Push.GraphTests;
				PRODUCT_NAME = "$(TARGET_NAME)";
			};
			name = Release;
		};
/* End XCBuildConfiguration section */

/* Begin XCConfigurationList section */
		07CFECCC1B79E29200B10153 /* Build configuration list for PBXProject "GraphTests" */ = {
			isa = XCConfigurationList;
			buildConfigurations = (
				07CFECDE1B79E29200B10153 /* Debug */,
				07CFECDF1B79E29200B10153 /* Release */,
			);
			defaultConfigurationIsVisible = 0;
			defaultConfigurationName = Release;
		};
		07CFECE01B79E29200B10153 /* Build configuration list for PBXNativeTarget "GraphTests" */ = {
			isa = XCConfigurationList;
			buildConfigurations = (
				07CFECE11B79E29200B10153 /* Debug */,
				07CFECE21B79E29200B10153 /* Release */,
			);
			defaultConfigurationIsVisible = 0;
		};
/* End XCConfigurationList section */
	};
	rootObject = 07CFECC91B79E29200B10153 /* Project object */;
}
